Microsoft Visual Studio Solution File, Format Version 12.00
# Visual Studio Version 17
VisualStudioVersion = 17.0.31903.59
MinimumVisualStudioVersion = 10.0.40219.1
Project("{FAE04EC0-301F-11D3-BF4B-00C04F79EFBC}") = "Delta.NearAcademy.Student.Domain", "Delta.NearAcademy.Student.Domain\Delta.NearAcademy.Student.Domain.csproj", "{EBD1C617-F561-41BA-A716-420292BE353C}"
EndProject
Project("{FAE04EC0-301F-11D3-BF4B-00C04F79EFBC}") = "Delta.NearAcademy.Student.Web", "Delta.NearAcademy.Student.Web\Delta.NearAcademy.Student.Web.csproj", "{904A685E-9B9B-4C26-833C-F0D0D98EF3E1}"
EndProject
Project("{FAE04EC0-301F-11D3-BF4B-00C04F79EFBC}") = "Delta.NearAcademy.Student.Business", "Delta.NearAcademy.Student.Business\Delta.NearAcademy.Student.Business.csproj", "{297558C5-05DA-4880-BE53-5B03C110DEDA}"
EndProject
Project("{FAE04EC0-301F-11D3-BF4B-00C04F79EFBC}") = "Delta.NearAcademy.Student.Repository", "Delta.NearAcademy.Student.Repository\Delta.NearAcademy.Student.Repository.csproj", "{D206A965-AE28-4161-85A9-315FB1C7632E}"
EndProject
Project("{FAE04EC0-301F-11D3-BF4B-00C04F79EFBC}") = "Delta.NearAcademy.Student.Injector", "Delta.NearAcademy.Student.Injector\Delta.NearAcademy.Student.Injector.csproj", "{DEF4D8F5-E20F-453B-9D7F-9A8941E68EBD}"
EndProject
Project("{FAE04EC0-301F-11D3-BF4B-00C04F79EFBC}") = "Delta.NearAcademy.Core.Domain", "..\Core\Delta.NearAcademy.Core.Domain\Delta.NearAcademy.Core.Domain.csproj", "{12091BB3-1FCC-610D-472E-0288C1BF3EB2}"
EndProject
Project("{FAE04EC0-301F-11D3-BF4B-00C04F79EFBC}") = "Delta.NearAcademy.Student.Test", "Delta.NearAcademy.Student.Test\Delta.NearAcademy.Student.Test.csproj", "{17283940-5060-4738-AB12-345678901207}"
EndProject
Global
	GlobalSection(SolutionConfigurationPlatforms) = preSolution
		Debug|Any CPU = Debug|Any CPU
		Debug|x64 = Debug|x64
		Debug|x86 = Debug|x86
		Release|Any CPU = Release|Any CPU
		Release|x64 = Release|x64
		Release|x86 = Release|x86
	EndGlobalSection
	GlobalSection(ProjectConfigurationPlatforms) = postSolution
		{EBD1C617-F561-41BA-A716-420292BE353C}.Debug|Any CPU.ActiveCfg = Debug|Any CPU
		{EBD1C617-F561-41BA-A716-420292BE353C}.Debug|Any CPU.Build.0 = Debug|Any CPU
		{EBD1C617-F561-41BA-A716-420292BE353C}.Debug|x64.ActiveCfg = Debug|Any CPU
		{EBD1C617-F561-41BA-A716-420292BE353C}.Debug|x64.Build.0 = Debug|Any CPU
		{EBD1C617-F561-41BA-A716-420292BE353C}.Debug|x86.ActiveCfg = Debug|Any CPU
		{EBD1C617-F561-41BA-A716-420292BE353C}.Debug|x86.Build.0 = Debug|Any CPU
		{EBD1C617-F561-41BA-A716-420292BE353C}.Release|Any CPU.ActiveCfg = Release|Any CPU
		{EBD1C617-F561-41BA-A716-420292BE353C}.Release|Any CPU.Build.0 = Release|Any CPU
		{EBD1C617-F561-41BA-A716-420292BE353C}.Release|x64.ActiveCfg = Release|Any CPU
		{EBD1C617-F561-41BA-A716-420292BE353C}.Release|x64.Build.0 = Release|Any CPU
		{EBD1C617-F561-41BA-A716-420292BE353C}.Release|x86.ActiveCfg = Release|Any CPU
		{EBD1C617-F561-41BA-A716-420292BE353C}.Release|x86.Build.0 = Release|Any CPU
		{904A685E-9B9B-4C26-833C-F0D0D98EF3E1}.Debug|Any CPU.ActiveCfg = Debug|Any CPU
		{904A685E-9B9B-4C26-833C-F0D0D98EF3E1}.Debug|Any CPU.Build.0 = Debug|Any CPU
		{904A685E-9B9B-4C26-833C-F0D0D98EF3E1}.Debug|x64.ActiveCfg = Debug|Any CPU
		{904A685E-9B9B-4C26-833C-F0D0D98EF3E1}.Debug|x64.Build.0 = Debug|Any CPU
		{904A685E-9B9B-4C26-833C-F0D0D98EF3E1}.Debug|x86.ActiveCfg = Debug|Any CPU
		{904A685E-9B9B-4C26-833C-F0D0D98EF3E1}.Debug|x86.Build.0 = Debug|Any CPU
		{904A685E-9B9B-4C26-833C-F0D0D98EF3E1}.Release|Any CPU.ActiveCfg = Release|Any CPU
		{904A685E-9B9B-4C26-833C-F0D0D98EF3E1}.Release|Any CPU.Build.0 = Release|Any CPU
		{904A685E-9B9B-4C26-833C-F0D0D98EF3E1}.Release|x64.ActiveCfg = Release|Any CPU
		{904A685E-9B9B-4C26-833C-F0D0D98EF3E1}.Release|x64.Build.0 = Release|Any CPU
		{904A685E-9B9B-4C26-833C-F0D0D98EF3E1}.Release|x86.ActiveCfg = Release|Any CPU
		{904A685E-9B9B-4C26-833C-F0D0D98EF3E1}.Release|x86.Build.0 = Release|Any CPU
		{297558C5-05DA-4880-BE53-5B03C110DEDA}.Debug|Any CPU.ActiveCfg = Debug|Any CPU
		{297558C5-05DA-4880-BE53-5B03C110DEDA}.Debug|Any CPU.Build.0 = Debug|Any CPU
		{297558C5-05DA-4880-BE53-5B03C110DEDA}.Debug|x64.ActiveCfg = Debug|Any CPU
		{297558C5-05DA-4880-BE53-5B03C110DEDA}.Debug|x64.Build.0 = Debug|Any CPU
		{297558C5-05DA-4880-BE53-5B03C110DEDA}.Debug|x86.ActiveCfg = Debug|Any CPU
		{297558C5-05DA-4880-BE53-5B03C110DEDA}.Debug|x86.Build.0 = Debug|Any CPU
		{297558C5-05DA-4880-BE53-5B03C110DEDA}.Release|Any CPU.ActiveCfg = Release|Any CPU
		{297558C5-05DA-4880-BE53-5B03C110DEDA}.Release|Any CPU.Build.0 = Release|Any CPU
		{297558C5-05DA-4880-BE53-5B03C110DEDA}.Release|x64.ActiveCfg = Release|Any CPU
		{297558C5-05DA-4880-BE53-5B03C110DEDA}.Release|x64.Build.0 = Release|Any CPU
		{297558C5-05DA-4880-BE53-5B03C110DEDA}.Release|x86.ActiveCfg = Release|Any CPU
		{297558C5-05DA-4880-BE53-5B03C110DEDA}.Release|x86.Build.0 = Release|Any CPU
		{D206A965-AE28-4161-85A9-315FB1C7632E}.Debug|Any CPU.ActiveCfg = Debug|Any CPU
		{D206A965-AE28-4161-85A9-315FB1C7632E}.Debug|Any CPU.Build.0 = Debug|Any CPU
		{D206A965-AE28-4161-85A9-315FB1C7632E}.Debug|x64.ActiveCfg = Debug|Any CPU
		{D206A965-AE28-4161-85A9-315FB1C7632E}.Debug|x64.Build.0 = Debug|Any CPU
		{D206A965-AE28-4161-85A9-315FB1C7632E}.Debug|x86.ActiveCfg = Debug|Any CPU
		{D206A965-AE28-4161-85A9-315FB1C7632E}.Debug|x86.Build.0 = Debug|Any CPU
		{D206A965-AE28-4161-85A9-315FB1C7632E}.Release|Any CPU.ActiveCfg = Release|Any CPU
		{D206A965-AE28-4161-85A9-315FB1C7632E}.Release|Any CPU.Build.0 = Release|Any CPU
		{D206A965-AE28-4161-85A9-315FB1C7632E}.Release|x64.ActiveCfg = Release|Any CPU
		{D206A965-AE28-4161-85A9-315FB1C7632E}.Release|x64.Build.0 = Release|Any CPU
		{D206A965-AE28-4161-85A9-315FB1C7632E}.Release|x86.ActiveCfg = Release|Any CPU
		{D206A965-AE28-4161-85A9-315FB1C7632E}.Release|x86.Build.0 = Release|Any CPU
		{DEF4D8F5-E20F-453B-9D7F-9A8941E68EBD}.Debug|Any CPU.ActiveCfg = Debug|Any CPU
		{DEF4D8F5-E20F-453B-9D7F-9A8941E68EBD}.Debug|Any CPU.Build.0 = Debug|Any CPU
		{DEF4D8F5-E20F-453B-9D7F-9A8941E68EBD}.Debug|x64.ActiveCfg = Debug|Any CPU
		{DEF4D8F5-E20F-453B-9D7F-9A8941E68EBD}.Debug|x64.Build.0 = Debug|Any CPU
		{DEF4D8F5-E20F-453B-9D7F-9A8941E68EBD}.Debug|x86.ActiveCfg = Debug|Any CPU
		{DEF4D8F5-E20F-453B-9D7F-9A8941E68EBD}.Debug|x86.Build.0 = Debug|Any CPU
		{DEF4D8F5-E20F-453B-9D7F-9A8941E68EBD}.Release|Any CPU.ActiveCfg = Release|Any CPU
		{DEF4D8F5-E20F-453B-9D7F-9A8941E68EBD}.Release|Any CPU.Build.0 = Release|Any CPU
		{DEF4D8F5-E20F-453B-9D7F-9A8941E68EBD}.Release|x64.ActiveCfg = Release|Any CPU
		{DEF4D8F5-E20F-453B-9D7F-9A8941E68EBD}.Release|x64.Build.0 = Release|Any CPU
		{DEF4D8F5-E20F-453B-9D7F-9A8941E68EBD}.Release|x86.ActiveCfg = Release|Any CPU
		{DEF4D8F5-E20F-453B-9D7F-9A8941E68EBD}.Release|x86.Build.0 = Release|Any CPU
		{12091BB3-1FCC-610D-472E-0288C1BF3EB2}.Debug|Any CPU.ActiveCfg = Debug|Any CPU
		{12091BB3-1FCC-610D-472E-0288C1BF3EB2}.Debug|Any CPU.Build.0 = Debug|Any CPU
		{12091BB3-1FCC-610D-472E-0288C1BF3EB2}.Debug|x64.ActiveCfg = Debug|Any CPU
		{12091BB3-1FCC-610D-472E-0288C1BF3EB2}.Debug|x64.Build.0 = Debug|Any CPU
		{12091BB3-1FCC-610D-472E-0288C1BF3EB2}.Debug|x86.ActiveCfg = Debug|Any CPU
		{12091BB3-1FCC-610D-472E-0288C1BF3EB2}.Debug|x86.Build.0 = Debug|Any CPU
		{12091BB3-1FCC-610D-472E-0288C1BF3EB2}.Release|Any CPU.ActiveCfg = Release|Any CPU
		{12091BB3-1FCC-610D-472E-0288C1BF3EB2}.Release|Any CPU.Build.0 = Release|Any CPU
		{12091BB3-1FCC-610D-472E-0288C1BF3EB2}.Release|x64.ActiveCfg = Release|Any CPU
		{12091BB3-1FCC-610D-472E-0288C1BF3EB2}.Release|x64.Build.0 = Release|Any CPU
		{12091BB3-1FCC-610D-472E-0288C1BF3EB2}.Release|x86.ActiveCfg = Release|Any CPU
		{12091BB3-1FCC-610D-472E-0288C1BF3EB2}.Release|x86.Build.0 = Release|Any CPU
		{17283940-5060-4738-AB12-345678901207}.Debug|Any CPU.ActiveCfg = Debug|Any CPU
		{17283940-5060-4738-AB12-345678901207}.Debug|Any CPU.Build.0 = Debug|Any CPU
		{17283940-5060-4738-AB12-345678901207}.Debug|x64.ActiveCfg = Debug|Any CPU
		{17283940-5060-4738-AB12-345678901207}.Debug|x64.Build.0 = Debug|Any CPU
		{17283940-5060-4738-AB12-345678901207}.Debug|x86.ActiveCfg = Debug|Any CPU
		{17283940-5060-4738-AB12-345678901207}.Debug|x86.Build.0 = Debug|Any CPU
		{17283940-5060-4738-AB12-345678901207}.Release|Any CPU.ActiveCfg = Release|Any CPU
		{17283940-5060-4738-AB12-345678901207}.Release|Any CPU.Build.0 = Release|Any CPU
		{17283940-5060-4738-AB12-345678901207}.Release|x64.ActiveCfg = Release|Any CPU
		{17283940-5060-4738-AB12-345678901207}.Release|x64.Build.0 = Release|Any CPU
		{17283940-5060-4738-AB12-345678901207}.Release|x86.ActiveCfg = Release|Any CPU
		{17283940-5060-4738-AB12-345678901207}.Release|x86.Build.0 = Release|Any CPU
	EndGlobalSection
	GlobalSection(SolutionProperties) = preSolution
		HideSolutionNode = FALSE
	EndGlobalSection
EndGlobal
